
Microsoft Visual Studio Solution File, Format Version 12.00
# Visual Studio Version 17
VisualStudioVersion = 17.5.002.0
MinimumVisualStudioVersion = 10.0.40219.1
Project("{2150E333-8FDC-42A3-9474-1A3956D46DE8}") = "C#", "C#", "{8B1EF302-25C0-41AA-A081-D0572E54FD26}"
EndProject
Project("{9A19103F-16F7-4668-BE54-9A1E7A4F7556}") = "MyCSharpApp", "C#\MyCSharpApp\MyCSharpApp.csproj", "{72A95157-21FB-4C70-ACAC-1767B4D05C57}"
EndProject
Global
	GlobalSection(SolutionConfigurationPlatforms) = preSolution
		Debug|Any CPU = Debug|Any CPU
		Release|Any CPU = Release|Any CPU
	EndGlobalSection
	GlobalSection(ProjectConfigurationPlatforms) = postSolution
		{72A95157-21FB-4C70-ACAC-1767B4D05C57}.Debug|Any CPU.ActiveCfg = Debug|Any CPU
		{72A95157-21FB-4C70-ACAC-1767B4D05C57}.Debug|Any CPU.Build.0 = Debug|Any CPU
		{72A95157-21FB-4C70-ACAC-1767B4D05C57}.Release|Any CPU.ActiveCfg = Release|Any CPU
		{72A95157-21FB-4C70-ACAC-1767B4D05C57}.Release|Any CPU.Build.0 = Release|Any CPU
	EndGlobalSection
	GlobalSection(SolutionProperties) = preSolution
		HideSolutionNode = FALSE
	EndGlobalSection
	GlobalSection(NestedProjects) = preSolution
		{72A95157-21FB-4C70-ACAC-1767B4D05C57} = {8B1EF302-25C0-41AA-A081-D0572E54FD26}
	EndGlobalSection
	GlobalSection(ExtensibilityGlobals) = postSolution
		SolutionGuid = {062F226E-9112-48DB-98E3-4D937A397679}
	EndGlobalSection
EndGlobal
